
Microsoft Visual Studio Solution File, Format Version 12.00
# Visual Studio Version 17
VisualStudioVersion = 17.5.33627.172
MinimumVisualStudioVersion = 10.0.40219.1
Project("{9A19103F-16F7-4668-BE54-9A1E7A4F7556}") = "IntermediateLevel", "GenericPower\IntermediateLevel.csproj", "{9B9C4127-EA74-4E46-8762-8C800EE0C2B5}"
EndProject
Global
	GlobalSection(SolutionConfigurationPlatforms) = preSolution
		Debug|Any CPU = Debug|Any CPU
		Release|Any CPU = Release|Any CPU
	EndGlobalSection
	GlobalSection(ProjectConfigurationPlatforms) = postSolution
		{9B9C4127-EA74-4E46-8762-8C800EE0C2B5}.Debug|Any CPU.ActiveCfg = Debug|Any CPU
		{9B9C4127-EA74-4E46-8762-8C800EE0C2B5}.Debug|Any CPU.Build.0 = Debug|Any CPU
		{9B9C4127-EA74-4E46-8762-8C800EE0C2B5}.Release|Any CPU.ActiveCfg = Release|Any CPU
		{9B9C4127-EA74-4E46-8762-8C800EE0C2B5}.Release|Any CPU.Build.0 = Release|Any CPU
	EndGlobalSection
	GlobalSection(SolutionProperties) = preSolution
		HideSolutionNode = FALSE
	EndGlobalSection
	GlobalSection(ExtensibilityGlobals) = postSolution
		SolutionGuid = {222D6167-246B-4154-B294-6113F26DE2B4}
	EndGlobalSection
EndGlobal
